{
  "nodes": {
    "flake-utils": {
      "inputs": {
        "systems": "systems"
      },
      "locked": {
        "lastModified": 1705309234,
        "narHash": "sha256-uNRRNRKmJyCRC/8y1RqBkqWBLM034y4qN7EprSdmgyA=",
        "owner": "numtide",
        "repo": "flake-utils",
        "rev": "1ef2e671c3b0c19053962c07dbda38332dcebf26",
        "type": "github"
      },
      "original": {
        "owner": "numtide",
        "repo": "flake-utils",
        "type": "github"
      }
    },
    "flake-utils_2": {
      "inputs": {
        "systems": "systems_2"
      },
      "locked": {
        "lastModified": 1705309234,
        "narHash": "sha256-uNRRNRKmJyCRC/8y1RqBkqWBLM034y4qN7EprSdmgyA=",
        "owner": "numtide",
        "repo": "flake-utils",
        "rev": "1ef2e671c3b0c19053962c07dbda38332dcebf26",
        "type": "github"
      },
      "original": {
        "owner": "numtide",
        "repo": "flake-utils",
        "type": "github"
      }
    },
    "flake-utils_3": {
      "inputs": {
        "systems": "systems_3"
      },
      "locked": {
        "lastModified": 1705309234,
        "narHash": "sha256-uNRRNRKmJyCRC/8y1RqBkqWBLM034y4qN7EprSdmgyA=",
        "owner": "numtide",
        "repo": "flake-utils",
        "rev": "1ef2e671c3b0c19053962c07dbda38332dcebf26",
        "type": "github"
      },
      "original": {
        "owner": "numtide",
        "repo": "flake-utils",
        "type": "github"
      }
    },
    "foolnotion": {
      "inputs": {
        "nixpkgs": [
          "nixpkgs"
        ]
      },
      "locked": {
        "lastModified": 1706727530,
        "narHash": "sha256-3cuT5UNsYuhsXgRVzcBJhy7q8laRGHvP9G7kjiiblNU=",
        "owner": "foolnotion",
        "repo": "nur-pkg",
        "rev": "74d6bd89af30a835c87872cd92b8195e7a7830bf",
        "type": "github"
      },
      "original": {
        "owner": "foolnotion",
        "repo": "nur-pkg",
        "type": "github"
      }
    },
    "foolnotion_2": {
      "inputs": {
        "nixpkgs": [
          "lbfgs",
          "nixpkgs"
        ]
      },
      "locked": {
        "lastModified": 1706727530,
        "narHash": "sha256-3cuT5UNsYuhsXgRVzcBJhy7q8laRGHvP9G7kjiiblNU=",
        "owner": "foolnotion",
        "repo": "nur-pkg",
        "rev": "74d6bd89af30a835c87872cd92b8195e7a7830bf",
        "type": "github"
      },
      "original": {
        "owner": "foolnotion",
        "repo": "nur-pkg",
        "type": "github"
      }
    },
    "foolnotion_3": {
      "inputs": {
        "nixpkgs": "nixpkgs_2"
      },
      "locked": {
        "lastModified": 1706727530,
        "narHash": "sha256-3cuT5UNsYuhsXgRVzcBJhy7q8laRGHvP9G7kjiiblNU=",
        "owner": "foolnotion",
        "repo": "nur-pkg",
        "rev": "74d6bd89af30a835c87872cd92b8195e7a7830bf",
        "type": "github"
      },
      "original": {
        "owner": "foolnotion",
        "repo": "nur-pkg",
        "type": "github"
      }
    },
    "lbfgs": {
      "inputs": {
        "flake-utils": "flake-utils_2",
        "foolnotion": "foolnotion_2",
        "nixpkgs": [
          "nixpkgs"
        ]
      },
      "locked": {
        "lastModified": 1691590709,
        "narHash": "sha256-3mlSjAoZceGohMl81Q5kdR1aQQBPdj8IwxBV0xLaL48=",
        "owner": "foolnotion",
        "repo": "lbfgs",
        "rev": "0ac2cb5b8ffea5e3e71f264d8e2d37d585449512",
        "type": "github"
      },
      "original": {
        "owner": "foolnotion",
        "repo": "lbfgs",
        "type": "github"
      }
    },
    "nixpkgs": {
      "locked": {
        "lastModified": 1707500374,
        "narHash": "sha256-OrwReMmT9k/nUuGjzMvWS6xew7AsOr5WFai4V2NM/8Y=",
        "owner": "nixos",
        "repo": "nixpkgs",
        "rev": "83a141e1f82c5789b18f4a2529804c0cfe8e528d",
        "type": "github"
      },
      "original": {
        "owner": "nixos",
        "ref": "master",
        "repo": "nixpkgs",
        "type": "github"
      }
    },
    "nixpkgs_2": {
      "locked": {
        "lastModified": 1707500374,
        "narHash": "sha256-OrwReMmT9k/nUuGjzMvWS6xew7AsOr5WFai4V2NM/8Y=",
        "owner": "NixOS",
        "repo": "nixpkgs",
        "rev": "83a141e1f82c5789b18f4a2529804c0cfe8e528d",
        "type": "github"
      },
      "original": {
        "owner": "NixOS",
        "ref": "master",
        "repo": "nixpkgs",
        "type": "github"
      }
    },
    "pratt-parser": {
      "inputs": {
        "flake-utils": "flake-utils_3",
        "foolnotion": "foolnotion_3",
        "nixpkgs": [
          "nixpkgs"
        ]
      },
      "locked": {
        "lastModified": 1668531263,
        "narHash": "sha256-XJ05EVJJwXoYip/YtmwLmIOlaDSp7GiH53rJXE8tTlg=",
        "owner": "foolnotion",
        "repo": "pratt-parser-calculator",
        "rev": "025ba103339bb69e3b719b62f3457d5cbb9644e6",
        "type": "github"
      },
      "original": {
        "owner": "foolnotion",
        "repo": "pratt-parser-calculator",
        "type": "github"
      }
    },
    "root": {
      "inputs": {
        "flake-utils": "flake-utils",
        "foolnotion": "foolnotion",
        "lbfgs": "lbfgs",
        "nixpkgs": "nixpkgs",
        "pratt-parser": "pratt-parser"
      }
    },
    "systems": {
      "locked": {
        "lastModified": 1681028828,
        "narHash": "sha256-Vy1rq5AaRuLzOxct8nz4T6wlgyUR7zLU309k9mBC768=",
        "owner": "nix-systems",
        "repo": "default",
        "rev": "da67096a3b9bf56a91d16901293e51ba5b49a27e",
        "type": "github"
      },
      "original": {
        "owner": "nix-systems",
        "repo": "default",
        "type": "github"
      }
    },
    "systems_2": {
      "locked": {
        "lastModified": 1681028828,
        "narHash": "sha256-Vy1rq5AaRuLzOxct8nz4T6wlgyUR7zLU309k9mBC768=",
        "owner": "nix-systems",
        "repo": "default",
        "rev": "da67096a3b9bf56a91d16901293e51ba5b49a27e",
        "type": "github"
      },
      "original": {
        "owner": "nix-systems",
        "repo": "default",
        "type": "github"
      }
    },
    "systems_3": {
      "locked": {
        "lastModified": 1681028828,
        "narHash": "sha256-Vy1rq5AaRuLzOxct8nz4T6wlgyUR7zLU309k9mBC768=",
        "owner": "nix-systems",
        "repo": "default",
        "rev": "da67096a3b9bf56a91d16901293e51ba5b49a27e",
        "type": "github"
      },
      "original": {
        "owner": "nix-systems",
        "repo": "default",
        "type": "github"
      }
    }
  },
  "root": "root",
  "version": 7
}
