{
  "nodes": {
    "flake-utils": {
      "locked": {
        "lastModified": 1659877975,
        "narHash": "sha256-zllb8aq3YO3h8B/U0/J1WBgAL8EX5yWf5pMj3G0NAmc=",
        "owner": "numtide",
        "repo": "flake-utils",
        "rev": "c0e246b9b83f637f4681389ecabcb2681b4f3af0",
        "type": "github"
      },
      "original": {
        "owner": "numtide",
        "repo": "flake-utils",
        "type": "github"
      }
    },
    "flake-utils_2": {
      "locked": {
        "lastModified": 1659877975,
        "narHash": "sha256-zllb8aq3YO3h8B/U0/J1WBgAL8EX5yWf5pMj3G0NAmc=",
        "owner": "numtide",
        "repo": "flake-utils",
        "rev": "c0e246b9b83f637f4681389ecabcb2681b4f3af0",
        "type": "github"
      },
      "original": {
        "owner": "numtide",
        "repo": "flake-utils",
        "type": "github"
      }
    },
    "foolnotion": {
      "inputs": {
        "nixpkgs": "nixpkgs"
      },
      "locked": {
        "lastModified": 1661602409,
        "narHash": "sha256-dmma/fTYzAQ4YvwqnAkebrpF2FKQH3uttWut+twzKk8=",
        "owner": "foolnotion",
        "repo": "nur-pkg",
        "rev": "974e658fa5dfe0c809405a753afdcb74d7ece54c",
        "type": "github"
      },
      "original": {
        "owner": "foolnotion",
        "repo": "nur-pkg",
        "type": "github"
      }
    },
    "nixpkgs": {
      "locked": {
        "lastModified": 1661602584,
        "narHash": "sha256-fsExzVtKuyT6xXCS3TUkPIKNI2v+rAzTZ5VzrSsb++g=",
        "owner": "NixOS",
        "repo": "nixpkgs",
        "rev": "dab1f86b9aa83bc9a7ee3d33075a1df15a31d309",
        "type": "github"
      },
      "original": {
        "owner": "NixOS",
        "ref": "master",
        "repo": "nixpkgs",
        "type": "github"
      }
    },
    "nixpkgs_2": {
      "locked": {
        "lastModified": 1661602584,
        "narHash": "sha256-fsExzVtKuyT6xXCS3TUkPIKNI2v+rAzTZ5VzrSsb++g=",
        "owner": "nixos",
        "repo": "nixpkgs",
        "rev": "dab1f86b9aa83bc9a7ee3d33075a1df15a31d309",
        "type": "github"
      },
      "original": {
        "owner": "nixos",
        "ref": "master",
        "repo": "nixpkgs",
        "type": "github"
      }
    },
    "nixpkgs_3": {
      "locked": {
        "lastModified": 1661602584,
        "narHash": "sha256-fsExzVtKuyT6xXCS3TUkPIKNI2v+rAzTZ5VzrSsb++g=",
        "owner": "nixos",
        "repo": "nixpkgs",
        "rev": "dab1f86b9aa83bc9a7ee3d33075a1df15a31d309",
        "type": "github"
      },
      "original": {
        "owner": "nixos",
        "ref": "master",
        "repo": "nixpkgs",
        "type": "github"
      }
    },
    "nur": {
      "locked": {
        "lastModified": 1661598986,
        "narHash": "sha256-kHg67hWaNtkjAI1Lx1fPbnmF5nhf3CjRJLCem9qM/p0=",
        "owner": "nix-community",
        "repo": "NUR",
        "rev": "97e379f7286d90cd5086827d1250ad7ca7a3878b",
        "type": "github"
      },
      "original": {
        "owner": "nix-community",
        "repo": "NUR",
        "type": "github"
      }
    },
    "pratt-parser": {
      "inputs": {
        "flake-utils": "flake-utils_2",
        "nixpkgs": "nixpkgs_3",
        "nur": "nur"
      },
      "locked": {
        "lastModified": 1642590490,
        "narHash": "sha256-lv55MHRqlklySTinFn/8CfZRq7XGUfZQxAAPYJJUcC0=",
        "owner": "foolnotion",
        "repo": "pratt-parser-calculator",
        "rev": "a15528b1a9acfe6adefeb41334bce43bdb8d578c",
        "type": "github"
      },
      "original": {
        "owner": "foolnotion",
        "repo": "pratt-parser-calculator",
        "rev": "a15528b1a9acfe6adefeb41334bce43bdb8d578c",
        "type": "github"
      }
    },
    "root": {
      "inputs": {
        "flake-utils": "flake-utils",
        "foolnotion": "foolnotion",
        "nixpkgs": "nixpkgs_2",
        "pratt-parser": "pratt-parser"
      }
    }
  },
  "root": "root",
  "version": 7
}
